
Microsoft Visual Studio Solution File, Format Version 12.00
# Visual Studio 15
VisualStudioVersion = 15.0.28307.438
MinimumVisualStudioVersion = 10.0.40219.1
Project("{FAE04EC0-301F-11D3-BF4B-00C04F79EFBC}") = "SolidDesignPattern", "SolidDesignPattern\SolidDesignPattern.csproj", "{C095488A-234F-41F3-BE4D-A7043EA60DF6}"
EndProject
Project("{2150E333-8FDC-42A3-9474-1A3956D46DE8}") = "CreationalPattern", "CreationalPattern", "{5DF77826-E4CF-46BE-9B97-F2AC9578D152}"
EndProject
Project("{2150E333-8FDC-42A3-9474-1A3956D46DE8}") = "StructuralPattern", "StructuralPattern", "{999766C8-EA26-4A05-9C05-CCB248ABAD68}"
EndProject
Project("{2150E333-8FDC-42A3-9474-1A3956D46DE8}") = "BehavioralPattern", "BehavioralPattern", "{6F18BEAD-A45D-4905-8BDA-3F132FA7263A}"
EndProject
Project("{FAE04EC0-301F-11D3-BF4B-00C04F79EFBC}") = "FactoryMethod", "FactoryMethod\FactoryMethod.csproj", "{B284571C-E6F1-45E8-A27A-842DE39C4A3B}"
EndProject
Project("{FAE04EC0-301F-11D3-BF4B-00C04F79EFBC}") = "AdapterPattern", "AdapterPattern\AdapterPattern.csproj", "{63013A6E-58ED-49AB-9F9C-592CCEE74921}"
EndProject
Project("{FAE04EC0-301F-11D3-BF4B-00C04F79EFBC}") = "AbstractFactory", "AbstractFactory\AbstractFactory.csproj", "{C9255FD9-E809-4D4A-9C60-6DA9E6D88945}"
EndProject
Project("{FAE04EC0-301F-11D3-BF4B-00C04F79EFBC}") = "Builder", "Builder\Builder.csproj", "{07EF0118-FFAE-4840-AF64-6656A4D2FFC6}"
EndProject
Project("{FAE04EC0-301F-11D3-BF4B-00C04F79EFBC}") = "FacadePattern", "FacadePattern\FacadePattern.csproj", "{7B1026C1-EAEF-4385-A19E-7DEDF92A175C}"
EndProject
Project("{2150E333-8FDC-42A3-9474-1A3956D46DE8}") = "Solids", "Solids", "{070FA31D-0AAA-4152-90A1-4816CA6606F9}"
EndProject
Project("{9A19103F-16F7-4668-BE54-9A1E7A4F7556}") = "SRP", "SRP\SRP.csproj", "{ED6381DA-97DE-4574-8F96-D554F6723B72}"
EndProject
Project("{FAE04EC0-301F-11D3-BF4B-00C04F79EFBC}") = "OpenClosePrinciple", "OpenClosePrinciple\OpenClosePrinciple.csproj", "{300EE9DA-C353-4037-9426-7D747010C0AB}"
EndProject
Global
	GlobalSection(SolutionConfigurationPlatforms) = preSolution
		Debug|Any CPU = Debug|Any CPU
		Release|Any CPU = Release|Any CPU
	EndGlobalSection
	GlobalSection(ProjectConfigurationPlatforms) = postSolution
		{C095488A-234F-41F3-BE4D-A7043EA60DF6}.Debug|Any CPU.ActiveCfg = Debug|Any CPU
		{C095488A-234F-41F3-BE4D-A7043EA60DF6}.Debug|Any CPU.Build.0 = Debug|Any CPU
		{C095488A-234F-41F3-BE4D-A7043EA60DF6}.Release|Any CPU.ActiveCfg = Release|Any CPU
		{C095488A-234F-41F3-BE4D-A7043EA60DF6}.Release|Any CPU.Build.0 = Release|Any CPU
		{B284571C-E6F1-45E8-A27A-842DE39C4A3B}.Debug|Any CPU.ActiveCfg = Debug|Any CPU
		{B284571C-E6F1-45E8-A27A-842DE39C4A3B}.Debug|Any CPU.Build.0 = Debug|Any CPU
		{B284571C-E6F1-45E8-A27A-842DE39C4A3B}.Release|Any CPU.ActiveCfg = Release|Any CPU
		{B284571C-E6F1-45E8-A27A-842DE39C4A3B}.Release|Any CPU.Build.0 = Release|Any CPU
		{63013A6E-58ED-49AB-9F9C-592CCEE74921}.Debug|Any CPU.ActiveCfg = Debug|Any CPU
		{63013A6E-58ED-49AB-9F9C-592CCEE74921}.Debug|Any CPU.Build.0 = Debug|Any CPU
		{63013A6E-58ED-49AB-9F9C-592CCEE74921}.Release|Any CPU.ActiveCfg = Release|Any CPU
		{63013A6E-58ED-49AB-9F9C-592CCEE74921}.Release|Any CPU.Build.0 = Release|Any CPU
		{C9255FD9-E809-4D4A-9C60-6DA9E6D88945}.Debug|Any CPU.ActiveCfg = Debug|Any CPU
		{C9255FD9-E809-4D4A-9C60-6DA9E6D88945}.Debug|Any CPU.Build.0 = Debug|Any CPU
		{C9255FD9-E809-4D4A-9C60-6DA9E6D88945}.Release|Any CPU.ActiveCfg = Release|Any CPU
		{C9255FD9-E809-4D4A-9C60-6DA9E6D88945}.Release|Any CPU.Build.0 = Release|Any CPU
		{07EF0118-FFAE-4840-AF64-6656A4D2FFC6}.Debug|Any CPU.ActiveCfg = Debug|Any CPU
		{07EF0118-FFAE-4840-AF64-6656A4D2FFC6}.Debug|Any CPU.Build.0 = Debug|Any CPU
		{07EF0118-FFAE-4840-AF64-6656A4D2FFC6}.Release|Any CPU.ActiveCfg = Release|Any CPU
		{07EF0118-FFAE-4840-AF64-6656A4D2FFC6}.Release|Any CPU.Build.0 = Release|Any CPU
		{7B1026C1-EAEF-4385-A19E-7DEDF92A175C}.Debug|Any CPU.ActiveCfg = Debug|Any CPU
		{7B1026C1-EAEF-4385-A19E-7DEDF92A175C}.Debug|Any CPU.Build.0 = Debug|Any CPU
		{7B1026C1-EAEF-4385-A19E-7DEDF92A175C}.Release|Any CPU.ActiveCfg = Release|Any CPU
		{7B1026C1-EAEF-4385-A19E-7DEDF92A175C}.Release|Any CPU.Build.0 = Release|Any CPU
		{ED6381DA-97DE-4574-8F96-D554F6723B72}.Debug|Any CPU.ActiveCfg = Debug|Any CPU
		{ED6381DA-97DE-4574-8F96-D554F6723B72}.Debug|Any CPU.Build.0 = Debug|Any CPU
		{ED6381DA-97DE-4574-8F96-D554F6723B72}.Release|Any CPU.ActiveCfg = Release|Any CPU
		{ED6381DA-97DE-4574-8F96-D554F6723B72}.Release|Any CPU.Build.0 = Release|Any CPU
		{300EE9DA-C353-4037-9426-7D747010C0AB}.Debug|Any CPU.ActiveCfg = Debug|Any CPU
		{300EE9DA-C353-4037-9426-7D747010C0AB}.Debug|Any CPU.Build.0 = Debug|Any CPU
		{300EE9DA-C353-4037-9426-7D747010C0AB}.Release|Any CPU.ActiveCfg = Release|Any CPU
		{300EE9DA-C353-4037-9426-7D747010C0AB}.Release|Any CPU.Build.0 = Release|Any CPU
	EndGlobalSection
	GlobalSection(SolutionProperties) = preSolution
		HideSolutionNode = FALSE
	EndGlobalSection
	GlobalSection(NestedProjects) = preSolution
		{B284571C-E6F1-45E8-A27A-842DE39C4A3B} = {5DF77826-E4CF-46BE-9B97-F2AC9578D152}
		{63013A6E-58ED-49AB-9F9C-592CCEE74921} = {999766C8-EA26-4A05-9C05-CCB248ABAD68}
		{C9255FD9-E809-4D4A-9C60-6DA9E6D88945} = {5DF77826-E4CF-46BE-9B97-F2AC9578D152}
		{07EF0118-FFAE-4840-AF64-6656A4D2FFC6} = {5DF77826-E4CF-46BE-9B97-F2AC9578D152}
		{7B1026C1-EAEF-4385-A19E-7DEDF92A175C} = {999766C8-EA26-4A05-9C05-CCB248ABAD68}
		{ED6381DA-97DE-4574-8F96-D554F6723B72} = {070FA31D-0AAA-4152-90A1-4816CA6606F9}
		{300EE9DA-C353-4037-9426-7D747010C0AB} = {070FA31D-0AAA-4152-90A1-4816CA6606F9}
	EndGlobalSection
	GlobalSection(ExtensibilityGlobals) = postSolution
		SolutionGuid = {670FD4F7-7025-416A-8D8C-C9769B21DE46}
	EndGlobalSection
EndGlobal
